<?xml version="1.0" encoding="utf-8"?>
<Project ToolsVersion="4.0" xmlns="http://schemas.microsoft.com/developer/msbuild/2003">
  <ItemGroup>
    <Filter Include="Source Files">
      <UniqueIdentifier>{4FC737F1-C7A5-4376-A066-2A32D752A2FF}</UniqueIdentifier>
      <Extensions>cpp;c;cc;cxx;c++;cppm;ixx;def;odl;idl;hpj;bat;asm;asmx</Extensions>
    </Filter>
    <Filter Include="Header Files">
      <UniqueIdentifier>{93995380-89BD-4b04-88EB-625FBE52EBFB}</UniqueIdentifier>
      <Extensions>h;hh;hpp;hxx;h++;hm;inl;inc;ipp;xsd</Extensions>
    </Filter>
    <Filter Include="Resource Files">
      <UniqueIdentifier>{67DA6AB6-F800-4c08-8B7A-83BB121AAD01}</UniqueIdentifier>
      <Extensions>rc;ico;cur;bmp;dlg;rc2;rct;bin;rgs;gif;jpg;jpeg;jpe;resx;tiff;tif;png;wav;mfcribbon-ms</Extensions>
    </Filter>
    <Filter Include="Header Files\Engine">
      <UniqueIdentifier>{487b5c2b-c60a-43dc-848f-138bf8d4c367}</UniqueIdentifier>
    </Filter>
    <Filter Include="Header Files\Engine\Components">
      <UniqueIdentifier>{ec2a4f31-0ad5-4123-9e30-da05680fefa9}</UniqueIdentifier>
    </Filter>
    <Filter Include="Header Files\Utils">
      <UniqueIdentifier>{fe099ff2-09e3-4679-a385-af9c3aa1b089}</UniqueIdentifier>
    </Filter>
    <Filter Include="Source Files\Engine">
      <UniqueIdentifier>{b269dd41-7f0d-4c4e-b628-8a70a2c2df6a}</UniqueIdentifier>
    </Filter>
    <Filter Include="Source Files\Engine\Components">
      <UniqueIdentifier>{40d6610c-6180-45c3-a792-2afa5534ca71}</UniqueIdentifier>
    </Filter>
    <Filter Include="Source Files\Utils">
      <UniqueIdentifier>{daa741f4-0de5-485d-abec-8847d7d4c9ec}</UniqueIdentifier>
    </Filter>
    <Filter Include="Source Files\Engine\Assets">
      <UniqueIdentifier>{dccbd1fa-e00d-4bfc-ad2a-27f10b3e4c0d}</UniqueIdentifier>
    </Filter>
    <Filter Include="Header Files\Engine\Assets">
      <UniqueIdentifier>{4bf9fd9a-9984-43d9-8461-9694da2e611e}</UniqueIdentifier>
    </Filter>
    <Filter Include="Source Files\Game">
      <UniqueIdentifier>{3d6eae69-e728-4b28-9933-55f4e70eaa2a}</UniqueIdentifier>
    </Filter>
    <Filter Include="Header Files\Game">
      <UniqueIdentifier>{e7fb6503-4231-4ae8-ba57-a86652e93143}</UniqueIdentifier>
    </Filter>
    <Filter Include="Header Files\Engine\Renderer">
      <UniqueIdentifier>{1a6091b7-aa0f-4a3a-acf5-9c8272055aef}</UniqueIdentifier>
    </Filter>
  </ItemGroup>
  <ItemGroup>
    <ClCompile Include="main.cpp">
      <Filter>Source Files</Filter>
    </ClCompile>
    <ClCompile Include="GameEngine.cpp">
      <Filter>Source Files\Engine</Filter>
    </ClCompile>
    <ClCompile Include="GameRenderer.cpp">
      <Filter>Source Files\Engine</Filter>
    </ClCompile>
    <ClCompile Include="Time.cpp">
      <Filter>Source Files\Engine</Filter>
    </ClCompile>
    <ClCompile Include="Window.cpp">
      <Filter>Source Files\Engine</Filter>
    </ClCompile>
    <ClCompile Include="BoxCollider2D.cpp">
      <Filter>Source Files\Engine\Components</Filter>
    </ClCompile>
    <ClCompile Include="GameActor.cpp">
      <Filter>Source Files\Engine</Filter>
    </ClCompile>
    <ClCompile Include="Struct.cpp">
      <Filter>Source Files\Utils</Filter>
    </ClCompile>
    <ClCompile Include="Inputs.cpp">
      <Filter>Source Files\Engine</Filter>
    </ClCompile>
    <ClCompile Include="Texture.cpp">
      <Filter>Source Files\Engine\Assets</Filter>
    </ClCompile>
    <ClCompile Include="AssetManager.cpp">
      <Filter>Source Files\Engine\Assets</Filter>
    </ClCompile>
    <ClCompile Include="MathUtils.cpp">
      <Filter>Source Files\Utils</Filter>
    </ClCompile>
    <ClCompile Include="SpriteComponent.cpp">
      <Filter>Source Files\Engine\Components</Filter>
    </ClCompile>
    <ClCompile Include="AnimatedSpriteComponent.cpp">
      <Filter>Source Files\Engine\Components</Filter>
    </ClCompile>
    <ClCompile Include="MoveComponent.cpp">
      <Filter>Source Files\Engine\Components</Filter>
    </ClCompile>
    <ClCompile Include="Scene.cpp">
      <Filter>Source Files\Engine</Filter>
    </ClCompile>
  </ItemGroup>
  <ItemGroup>
    <ClInclude Include="ActorComponent.h">
      <Filter>Header Files\Engine\Components</Filter>
    </ClInclude>
    <ClInclude Include="BoxCollider2D.h">
      <Filter>Header Files\Engine\Components</Filter>
    </ClInclude>
    <ClInclude Include="GameActor.h">
      <Filter>Header Files\Engine</Filter>
    </ClInclude>
    <ClInclude Include="GameEngine.h">
      <Filter>Header Files\Engine</Filter>
    </ClInclude>
    <ClInclude Include="GameRenderer.h">
      <Filter>Header Files\Engine</Filter>
    </ClInclude>
    <ClInclude Include="Log.h">
      <Filter>Header Files\Engine</Filter>
    </ClInclude>
    <ClInclude Include="Time.h">
      <Filter>Header Files\Engine</Filter>
    </ClInclude>
    <ClInclude Include="Window.h">
      <Filter>Header Files\Engine</Filter>
    </ClInclude>
    <ClInclude Include="Struct.h">
      <Filter>Header Files\Utils</Filter>
    </ClInclude>
    <ClInclude Include="ColliderComponent.h">
      <Filter>Header Files\Engine\Components</Filter>
    </ClInclude>
    <ClInclude Include="AssetManager.h">
      <Filter>Header Files\Engine\Assets</Filter>
    </ClInclude>
    <ClInclude Include="MathUtils.h">
      <Filter>Header Files\Utils</Filter>
    </ClInclude>
    <ClInclude Include="SpriteComponent.h">
      <Filter>Header Files\Engine\Components</Filter>
    </ClInclude>
    <ClInclude Include="Inputs.h">
      <Filter>Header Files\Engine</Filter>
    </ClInclude>
    <ClInclude Include="Texture.h">
      <Filter>Header Files\Engine\Assets</Filter>
    </ClInclude>
    <ClInclude Include="AnimatedSpriteComponent.h">
      <Filter>Header Files\Engine\Components</Filter>
    </ClInclude>
    <ClInclude Include="MoveComponent.h">
      <Filter>Header Files\Engine\Components</Filter>
    </ClInclude>
    <ClInclude Include="DefaultScene.h">
      <Filter>Header Files\Game</Filter>
    </ClInclude>
    <ClInclude Include="Scene.h">
      <Filter>Header Files\Engine</Filter>
    </ClInclude>
    <ClInclude Include="IRenderer.h">
      <Filter>Header Files\Engine\Renderer</Filter>
    </ClInclude>
  </ItemGroup>
</Project>